// !$*UTF8*$!
{
	archiveVersion = 1;
	classes = {
	};
	objectVersion = 46;
	objects = {

/* Begin PBXBuildFile section */
		8FBCC5447B24A759181E942C /* Pods.framework in Frameworks */ = {isa = PBXBuildFile; fileRef = 99CDFCB43FCC8811B1235D0D /* Pods.framework */; };
		9562A3321CF2E23600E31624 /* Podfile in Resources */ = {isa = PBXBuildFile; fileRef = 9562A3311CF2E23600E31624 /* Podfile */; };
		9562A34D1CF2E6AC00E31624 /* AppDelegate.swift in Sources */ = {isa = PBXBuildFile; fileRef = 9562A3431CF2E6AC00E31624 /* AppDelegate.swift */; };
		9562A3511CF2E6AC00E31624 /* Localizable.strings in Resources */ = {isa = PBXBuildFile; fileRef = 9562A3491CF2E6AC00E31624 /* Localizable.strings */; };
/* End PBXBuildFile section */

/* Begin PBXFileReference section */
		48ADE244BB3E959FC982C719 /* Pods.debug.xcconfig */ = {isa = PBXFileReference; includeInIndex = 1; lastKnownFileType = text.xcconfig; name = Pods.debug.xcconfig; path = "Pods/Target Support Files/Pods/Pods.debug.xcconfig"; sourceTree = "<group>"; };
		9562A31C1CF2E22800E31624 /* Terrestrial test.app */ = {isa = PBXFileReference; explicitFileType = wrapper.application; includeInIndex = 0; path = "Terrestrial test.app"; sourceTree = BUILT_PRODUCTS_DIR; };
		9562A3311CF2E23600E31624 /* Podfile */ = {isa = PBXFileReference; fileEncoding = 4; lastKnownFileType = text; path = Podfile; sourceTree = "<group>"; xcLanguageSpecificationIdentifier = xcode.lang.ruby; };
		9562A3431CF2E6AC00E31624 /* AppDelegate.swift */ = {isa = PBXFileReference; fileEncoding = 4; lastKnownFileType = sourcecode.swift; path = AppDelegate.swift; sourceTree = "<group>"; };
		9562A34A1CF2E6AC00E31624 /* en */ = {isa = PBXFileReference; lastKnownFileType = text.plist.strings; name = en; path = en.lproj/Localizable.strings; sourceTree = "<group>"; };
		9562A34B1CF2E6AC00E31624 /* Info.plist */ = {isa = PBXFileReference; fileEncoding = 4; lastKnownFileType = text.plist.xml; path = Info.plist; sourceTree = "<group>"; };
		9562A3541CF2EC7E00E31624 /* fi */ = {isa = PBXFileReference; lastKnownFileType = text.plist.strings; name = fi; path = fi.lproj/Localizable.strings; sourceTree = "<group>"; };
		9562A3551CF2ECAE00E31624 /* tr */ = {isa = PBXFileReference; lastKnownFileType = text.plist.strings; name = tr; path = tr.lproj/Localizable.strings; sourceTree = "<group>"; };
		99CDFCB43FCC8811B1235D0D /* Pods.framework */ = {isa = PBXFileReference; explicitFileType = wrapper.framework; includeInIndex = 0; path = Pods.framework; sourceTree = BUILT_PRODUCTS_DIR; };
		9A0ACF24CE16AB161E680B00 /* Pods.release.xcconfig */ = {isa = PBXFileReference; includeInIndex = 1; lastKnownFileType = text.xcconfig; name = Pods.release.xcconfig; path = "Pods/Target Support Files/Pods/Pods.release.xcconfig"; sourceTree = "<group>"; };
/* End PBXFileReference section */

/* Begin PBXFrameworksBuildPhase section */
		9562A3191CF2E22800E31624 /* Frameworks */ = {
			isa = PBXFrameworksBuildPhase;
			buildActionMask = 2147483647;
			files = (
				8FBCC5447B24A759181E942C /* Pods.framework in Frameworks */,
			);
			runOnlyForDeploymentPostprocessing = 0;
		};
/* End PBXFrameworksBuildPhase section */

/* Begin PBXGroup section */
		9562A3131CF2E22800E31624 = {
			isa = PBXGroup;
			children = (
				9562A3421CF2E6AC00E31624 /* Terrestrial-test */,
				9562A3311CF2E23600E31624 /* Podfile */,
				9562A31D1CF2E22800E31624 /* Products */,
				A9588A159DD04398A54106B8 /* Pods */,
				CE69EDD1BD46A80AF0F870BF /* Frameworks */,
			);
			sourceTree = "<group>";
		};
		9562A31D1CF2E22800E31624 /* Products */ = {
			isa = PBXGroup;
			children = (
				9562A31C1CF2E22800E31624 /* Terrestrial test.app */,
			);
			name = Products;
			sourceTree = "<group>";
		};
		9562A3421CF2E6AC00E31624 /* Terrestrial-test */ = {
			isa = PBXGroup;
			children = (
				9562A3431CF2E6AC00E31624 /* AppDelegate.swift */,
				9562A3491CF2E6AC00E31624 /* Localizable.strings */,
				9562A34B1CF2E6AC00E31624 /* Info.plist */,
			);
			path = "Terrestrial-test";
			sourceTree = "<group>";
		};
		A9588A159DD04398A54106B8 /* Pods */ = {
			isa = PBXGroup;
			children = (
				48ADE244BB3E959FC982C719 /* Pods.debug.xcconfig */,
				9A0ACF24CE16AB161E680B00 /* Pods.release.xcconfig */,
			);
			name = Pods;
			sourceTree = "<group>";
		};
		CE69EDD1BD46A80AF0F870BF /* Frameworks */ = {
			isa = PBXGroup;
			children = (
				99CDFCB43FCC8811B1235D0D /* Pods.framework */,
			);
			name = Frameworks;
			sourceTree = "<group>";
		};
/* End PBXGroup section */

/* Begin PBXNativeTarget section */
		9562A31B1CF2E22800E31624 /* Terrestrial test */ = {
			isa = PBXNativeTarget;
			buildConfigurationList = 9562A32E1CF2E22800E31624 /* Build configuration list for PBXNativeTarget "Terrestrial test" */;
			buildPhases = (
				85F4F74F544F380C39381113 /* Check Pods Manifest.lock */,
				9562A3181CF2E22800E31624 /* Sources */,
				9562A3191CF2E22800E31624 /* Frameworks */,
				9562A31A1CF2E22800E31624 /* Resources */,
				821883073752C8611DEF78F5 /* Embed Pods Frameworks */,
				28BD6F33D6ADE3915BF4AA72 /* Copy Pods Resources */,
			);
			buildRules = (
			);
			dependencies = (
			);
			name = "Terrestrial test";
			productName = "Terrestrial test";
			productReference = 9562A31C1CF2E22800E31624 /* Terrestrial test.app */;
			productType = "com.apple.product-type.application";
		};
/* End PBXNativeTarget section */

/* Begin PBXProject section */
		9562A3141CF2E22800E31624 /* Project object */ = {
			isa = PBXProject;
			attributes = {
				LastSwiftUpdateCheck = 0730;
				LastUpgradeCheck = 0730;
				ORGANIZATIONNAME = "Alexander Fedosov";
				TargetAttributes = {
					9562A31B1CF2E22800E31624 = {
						CreatedOnToolsVersion = 7.3.1;
					};
				};
			};
			buildConfigurationList = 9562A3171CF2E22800E31624 /* Build configuration list for PBXProject "Terrestrial test" */;
			compatibilityVersion = "Xcode 3.2";
			developmentRegion = English;
			hasScannedForEncodings = 0;
			knownRegions = (
				Base,
				en,
				fi,
				tr,
			);
			mainGroup = 9562A3131CF2E22800E31624;
			productRefGroup = 9562A31D1CF2E22800E31624 /* Products */;
			projectDirPath = "";
			projectRoot = "";
			targets = (
				9562A31B1CF2E22800E31624 /* Terrestrial test */,
			);
		};
/* End PBXProject section */

/* Begin PBXResourcesBuildPhase section */
		9562A31A1CF2E22800E31624 /* Resources */ = {
			isa = PBXResourcesBuildPhase;
			buildActionMask = 2147483647;
			files = (
				9562A3511CF2E6AC00E31624 /* Localizable.strings in Resources */,
				9562A3321CF2E23600E31624 /* Podfile in Resources */,
			);
			runOnlyForDeploymentPostprocessing = 0;
		};
/* End PBXResourcesBuildPhase section */

/* Begin PBXShellScriptBuildPhase section */
		28BD6F33D6ADE3915BF4AA72 /* Copy Pods Resources */ = {
			isa = PBXShellScriptBuildPhase;
			buildActionMask = 2147483647;
			files = (
			);
			inputPaths = (
			);
			name = "Copy Pods Resources";
			outputPaths = (
			);
			runOnlyForDeploymentPostprocessing = 0;
			shellPath = /bin/sh;
			shellScript = "\"${SRCROOT}/Pods/Target Support Files/Pods/Pods-resources.sh\"\n";
			showEnvVarsInLog = 0;
		};
		821883073752C8611DEF78F5 /* Embed Pods Frameworks */ = {
			isa = PBXShellScriptBuildPhase;
			buildActionMask = 2147483647;
			files = (
			);
			inputPaths = (
			);
			name = "Embed Pods Frameworks";
			outputPaths = (
			);
			runOnlyForDeploymentPostprocessing = 0;
			shellPath = /bin/sh;
			shellScript = "\"${SRCROOT}/Pods/Target Support Files/Pods/Pods-frameworks.sh\"\n";
			showEnvVarsInLog = 0;
		};
		85F4F74F544F380C39381113 /* Check Pods Manifest.lock */ = {
			isa = PBXShellScriptBuildPhase;
			buildActionMask = 2147483647;
			files = (
			);
			inputPaths = (
			);
			name = "Check Pods Manifest.lock";
			outputPaths = (
			);
			runOnlyForDeploymentPostprocessing = 0;
			shellPath = /bin/sh;
			shellScript = "diff \"${PODS_ROOT}/../Podfile.lock\" \"${PODS_ROOT}/Manifest.lock\" > /dev/null\nif [[ $? != 0 ]] ; then\n    cat << EOM\nerror: The sandbox is not in sync with the Podfile.lock. Run 'pod install' or update your CocoaPods installation.\nEOM\n    exit 1\nfi\n";
			showEnvVarsInLog = 0;
		};
/* End PBXShellScriptBuildPhase section */

/* Begin PBXSourcesBuildPhase section */
		9562A3181CF2E22800E31624 /* Sources */ = {
			isa = PBXSourcesBuildPhase;
			buildActionMask = 2147483647;
			files = (
				9562A34D1CF2E6AC00E31624 /* AppDelegate.swift in Sources */,
			);
			runOnlyForDeploymentPostprocessing = 0;
		};
/* End PBXSourcesBuildPhase section */

/* Begin PBXVariantGroup section */
		9562A3491CF2E6AC00E31624 /* Localizable.strings */ = {
			isa = PBXVariantGroup;
			children = (
				9562A34A1CF2E6AC00E31624 /* en */,
				9562A3541CF2EC7E00E31624 /* fi */,
				9562A3551CF2ECAE00E31624 /* tr */,
			);
			name = Localizable.strings;
			sourceTree = "<group>";
		};
/* End PBXVariantGroup section */

/* Begin XCBuildConfiguration section */
		9562A32C1CF2E22800E31624 /* Debug */ = {
			isa = XCBuildConfiguration;
			buildSettings = {
				ALWAYS_SEARCH_USER_PATHS = NO;
				CLANG_ANALYZER_NONNULL = YES;
				CLANG_CXX_LANGUAGE_STANDARD = "gnu++0x";
				CLANG_CXX_LIBRARY = "libc++";
				CLANG_ENABLE_MODULES = YES;
				CLANG_ENABLE_OBJC_ARC = YES;
				CLANG_WARN_BOOL_CONVERSION = YES;
				CLANG_WARN_CONSTANT_CONVERSION = YES;
				CLANG_WARN_DIRECT_OBJC_ISA_USAGE = YES_ERROR;
				CLANG_WARN_EMPTY_BODY = YES;
				CLANG_WARN_ENUM_CONVERSION = YES;
				CLANG_WARN_INT_CONVERSION = YES;
				CLANG_WARN_OBJC_ROOT_CLASS = YES_ERROR;
				CLANG_WARN_UNREACHABLE_CODE = YES;
				CLANG_WARN__DUPLICATE_METHOD_MATCH = YES;
				"CODE_SIGN_IDENTITY[sdk=iphoneos*]" = "iPhone Developer";
				COPY_PHASE_STRIP = NO;
				DEBUG_INFORMATION_FORMAT = dwarf;
				ENABLE_STRICT_OBJC_MSGSEND = YES;
				ENABLE_TESTABILITY = YES;
				GCC_C_LANGUAGE_STANDARD = gnu99;
				GCC_DYNAMIC_NO_PIC = NO;
				GCC_NO_COMMON_BLOCKS = YES;
				GCC_OPTIMIZATION_LEVEL = 0;
				GCC_PREPROCESSOR_DEFINITIONS = (
					"DEBUG=1",
					"$(inherited)",
				);
				GCC_WARN_64_TO_32_BIT_CONVERSION = YES;
				GCC_WARN_ABOUT_RETURN_TYPE = YES_ERROR;
				GCC_WARN_UNDECLARED_SELECTOR = YES;
				GCC_WARN_UNINITIALIZED_AUTOS = YES_AGGRESSIVE;
				GCC_WARN_UNUSED_FUNCTION = YES;
				GCC_WARN_UNUSED_VARIABLE = YES;
				IPHONEOS_DEPLOYMENT_TARGET = 9.3;
				MTL_ENABLE_DEBUG_INFO = YES;
				ONLY_ACTIVE_ARCH = YES;
				SDKROOT = iphoneos;
				SWIFT_OPTIMIZATION_LEVEL = "-Onone";
			};
			name = Debug;
		};
		9562A32D1CF2E22800E31624 /* Release */ = {
			isa = XCBuildConfiguration;
			buildSettings = {
				ALWAYS_SEARCH_USER_PATHS = NO;
				CLANG_ANALYZER_NONNULL = YES;
				CLANG_CXX_LANGUAGE_STANDARD = "gnu++0x";
				CLANG_CXX_LIBRARY = "libc++";
				CLANG_ENABLE_MODULES = YES;
				CLANG_ENABLE_OBJC_ARC = YES;
				CLANG_WARN_BOOL_CONVERSION = YES;
				CLANG_WARN_CONSTANT_CONVERSION = YES;
				CLANG_WARN_DIRECT_OBJC_ISA_USAGE = YES_ERROR;
				CLANG_WARN_EMPTY_BODY = YES;
				CLANG_WARN_ENUM_CONVERSION = YES;
				CLANG_WARN_INT_CONVERSION = YES;
				CLANG_WARN_OBJC_ROOT_CLASS = YES_ERROR;
				CLANG_WARN_UNREACHABLE_CODE = YES;
				CLANG_WARN__DUPLICATE_METHOD_MATCH = YES;
				"CODE_SIGN_IDENTITY[sdk=iphoneos*]" = "iPhone Developer";
				COPY_PHASE_STRIP = NO;
				DEBUG_INFORMATION_FORMAT = "dwarf-with-dsym";
				ENABLE_NS_ASSERTIONS = NO;
				ENABLE_STRICT_OBJC_MSGSEND = YES;
				GCC_C_LANGUAGE_STANDARD = gnu99;
				GCC_NO_COMMON_BLOCKS = YES;
				GCC_WARN_64_TO_32_BIT_CONVERSION = YES;
				GCC_WARN_ABOUT_RETURN_TYPE = YES_ERROR;
				GCC_WARN_UNDECLARED_SELECTOR = YES;
				GCC_WARN_UNINITIALIZED_AUTOS = YES_AGGRESSIVE;
				GCC_WARN_UNUSED_FUNCTION = YES;
				GCC_WARN_UNUSED_VARIABLE = YES;
				IPHONEOS_DEPLOYMENT_TARGET = 9.3;
				MTL_ENABLE_DEBUG_INFO = NO;
				SDKROOT = iphoneos;
				VALIDATE_PRODUCT = YES;
			};
			name = Release;
		};
		9562A32F1CF2E22800E31624 /* Debug */ = {
			isa = XCBuildConfiguration;
			baseConfigurationReference = 48ADE244BB3E959FC982C719 /* Pods.debug.xcconfig */;
			buildSettings = {
				INFOPLIST_FILE = "Terrestrial-test/Info.plist";
				LD_RUNPATH_SEARCH_PATHS = "$(inherited) @executable_path/Frameworks";
				PRODUCT_BUNDLE_IDENTIFIER = "ru.alexfedosov.Terrestrial-test";
				PRODUCT_NAME = "$(TARGET_NAME)";
			};
			name = Debug;
		};
		9562A3301CF2E22800E31624 /* Release */ = {
			isa = XCBuildConfiguration;
			baseConfigurationReference = 9A0ACF24CE16AB161E680B00 /* Pods.release.xcconfig */;
			buildSettings = {
				INFOPLIST_FILE = "Terrestrial-test/Info.plist";
				LD_RUNPATH_SEARCH_PATHS = "$(inherited) @executable_path/Frameworks";
				PRODUCT_BUNDLE_IDENTIFIER = "ru.alexfedosov.Terrestrial-test";
				PRODUCT_NAME = "$(TARGET_NAME)";
			};
			name = Release;
		};
/* End XCBuildConfiguration section */

/* Begin XCConfigurationList section */
		9562A3171CF2E22800E31624 /* Build configuration list for PBXProject "Terrestrial test" */ = {
			isa = XCConfigurationList;
			buildConfigurations = (
				9562A32C1CF2E22800E31624 /* Debug */,
				9562A32D1CF2E22800E31624 /* Release */,
			);
			defaultConfigurationIsVisible = 0;
			defaultConfigurationName = Release;
		};
		9562A32E1CF2E22800E31624 /* Build configuration list for PBXNativeTarget "Terrestrial test" */ = {
			isa = XCConfigurationList;
			buildConfigurations = (
				9562A32F1CF2E22800E31624 /* Debug */,
				9562A3301CF2E22800E31624 /* Release */,
			);
			defaultConfigurationIsVisible = 0;
			defaultConfigurationName = Release;
		};
/* End XCConfigurationList section */
	};
	rootObject = 9562A3141CF2E22800E31624 /* Project object */;
}
